<Solution>
  <Configurations>
    <Platform Name="Any CPU" />
    <Platform Name="ARM" />
    <Platform Name="ARM64" />
    <Platform Name="x64" />
    <Platform Name="x86" />
  </Configurations>
  <Project Path="RechnungPackaging/RechnungPackaging.wapproj" Type="c7167f0d-bc9f-4e6e-afe1-012c56b48db5" Id="dde6ef11-8e6f-483f-a7c8-36b419d04581">
    <Deploy />
  </Project>
  <Project Path="Örnek/Örnek.csproj" />
</Solution>
